# Managed by azldev component update. Do not edit manually.
version = 1
import-commit = '3a4974c4c3f418736c3a1f328720796bc4f36a19'
upstream-commit = '3a4974c4c3f418736c3a1f328720796bc4f36a19'
input-fingerprint = 'sha256:c088f2d1e89f8a579aea0725c2d44fac66cb1dcd59141d54e66136570b9306b8'
resolution-input-hash = 'sha256:466421704711c4fd3c71f0b2ed715a0e61d49e3e26f3a2637fee755795849c8e'
