# Managed by azldev component update. Do not edit manually.
version = 1
import-commit = '3a4974c4c3f418736c3a1f328720796bc4f36a19'
upstream-commit = '3a4974c4c3f418736c3a1f328720796bc4f36a19'
input-fingerprint = 'sha256:08b3b44657a83b4427596a8ca30279a72a6c5d577d90238042012994661e71de'
resolution-input-hash = 'sha256:466421704711c4fd3c71f0b2ed715a0e61d49e3e26f3a2637fee755795849c8e'
