# Managed by azldev component update. Do not edit manually.
version = 1
import-commit = 'f3e923a221a21ce1bc9608e57024789ae7b9e674'
upstream-commit = 'f3e923a221a21ce1bc9608e57024789ae7b9e674'
input-fingerprint = 'sha256:323f80a9d78bfeee8f93fb9e20f04508362aa836957b1f7c80a444614d13bf83'
resolution-input-hash = 'sha256:466421704711c4fd3c71f0b2ed715a0e61d49e3e26f3a2637fee755795849c8e'
